// !$*UTF8*$!
{
	archiveVersion = 1;
	classes = {
	};
	objectVersion = 46;
	objects = {

/* Begin PBXBuildFile section */
		D400CA241A0288E200044BDC /* figures_for_test.swift in Sources */ = {isa = PBXBuildFile; fileRef = D400CA231A0288E200044BDC /* figures_for_test.swift */; };
		D416BD3A1A12A00F00765DDF /* b2bimg29x2.png in Resources */ = {isa = PBXBuildFile; fileRef = D416BD341A12A00F00765DDF /* b2bimg29x2.png */; };
		D416BD3B1A12A00F00765DDF /* b2bimg29x3.png in Resources */ = {isa = PBXBuildFile; fileRef = D416BD351A12A00F00765DDF /* b2bimg29x3.png */; };
		D416BD3C1A12A00F00765DDF /* b2bimg40x2.png in Resources */ = {isa = PBXBuildFile; fileRef = D416BD361A12A00F00765DDF /* b2bimg40x2.png */; };
		D416BD3D1A12A00F00765DDF /* b2bimg40x3.png in Resources */ = {isa = PBXBuildFile; fileRef = D416BD371A12A00F00765DDF /* b2bimg40x3.png */; };
		D416BD3E1A12A00F00765DDF /* b2bimg60x2.png in Resources */ = {isa = PBXBuildFile; fileRef = D416BD381A12A00F00765DDF /* b2bimg60x2.png */; };
		D416BD3F1A12A00F00765DDF /* b2bimg60x3.png in Resources */ = {isa = PBXBuildFile; fileRef = D416BD391A12A00F00765DDF /* b2bimg60x3.png */; };
		D4276B561A03A22000E62857 /* RectangleClass.swift in Sources */ = {isa = PBXBuildFile; fileRef = D4276B551A03A22000E62857 /* RectangleClass.swift */; };
		D4276B581A03A26700E62857 /* FigureClass.swift in Sources */ = {isa = PBXBuildFile; fileRef = D4276B571A03A26700E62857 /* FigureClass.swift */; };
		D43251E31A0D12970056EF03 /* Ranks.swift in Sources */ = {isa = PBXBuildFile; fileRef = D43251E21A0D12970056EF03 /* Ranks.swift */; };
		D43251E71A0D311E0056EF03 /* ranks.png in Resources */ = {isa = PBXBuildFile; fileRef = D43251E61A0D311E0056EF03 /* ranks.png */; };
		D43251E91A101E180056EF03 /* Menu.swift in Sources */ = {isa = PBXBuildFile; fileRef = D43251E81A101E180056EF03 /* Menu.swift */; };
		D45247C61A10B7A400E009A1 /* StartScreen.swift in Sources */ = {isa = PBXBuildFile; fileRef = D45247C51A10B7A400E009A1 /* StartScreen.swift */; };
		D45247C81A10BAAB00E009A1 /* block2blocklogoblack.png in Resources */ = {isa = PBXBuildFile; fileRef = D45247C71A10BAAB00E009A1 /* block2blocklogoblack.png */; };
		D45247CA1A10D43000E009A1 /* block2blocklogoimage.png in Resources */ = {isa = PBXBuildFile; fileRef = D45247C91A10D43000E009A1 /* block2blocklogoimage.png */; };
		D45247D81A111AD400E009A1 /* iAd.framework in Frameworks */ = {isa = PBXBuildFile; fileRef = D400CA2119FFDC2400044BDC /* iAd.framework */; };
		D4F0B43519FA8759000000F0 /* AppDelegate.swift in Sources */ = {isa = PBXBuildFile; fileRef = D4F0B43419FA8759000000F0 /* AppDelegate.swift */; };
		D4F0B43719FA8759000000F0 /* ViewController.swift in Sources */ = {isa = PBXBuildFile; fileRef = D4F0B43619FA8759000000F0 /* ViewController.swift */; };
		D4F0B43A19FA8759000000F0 /* Main.storyboard in Resources */ = {isa = PBXBuildFile; fileRef = D4F0B43819FA8759000000F0 /* Main.storyboard */; };
		D4F0B43C19FA8759000000F0 /* Images.xcassets in Resources */ = {isa = PBXBuildFile; fileRef = D4F0B43B19FA8759000000F0 /* Images.xcassets */; };
		D4F0B43F19FA8759000000F0 /* LaunchScreen.xib in Resources */ = {isa = PBXBuildFile; fileRef = D4F0B43D19FA8759000000F0 /* LaunchScreen.xib */; };
		D4F0B44B19FA8759000000F0 /* Block2BlockTests.swift in Sources */ = {isa = PBXBuildFile; fileRef = D4F0B44A19FA8759000000F0 /* Block2BlockTests.swift */; };
		D4F0B45519FB0BA0000000F0 /* figures.swift in Sources */ = {isa = PBXBuildFile; fileRef = D4F0B45419FB0BA0000000F0 /* figures.swift */; };
/* End PBXBuildFile section */

/* Begin PBXContainerItemProxy section */
		D45247DE1A111B6B00E009A1 /* PBXContainerItemProxy */ = {
			isa = PBXContainerItemProxy;
			containerPortal = D4F0B42719FA8758000000F0 /* Project object */;
			proxyType = 1;
			remoteGlobalIDString = D4F0B42E19FA8759000000F0;
			remoteInfo = Block2Block;
		};
		D45247E01A111C3500E009A1 /* PBXContainerItemProxy */ = {
			isa = PBXContainerItemProxy;
			containerPortal = D4F0B42719FA8758000000F0 /* Project object */;
			proxyType = 1;
			remoteGlobalIDString = D4F0B42E19FA8759000000F0;
			remoteInfo = Block2Block;
		};
		D45247E21A11331500E009A1 /* PBXContainerItemProxy */ = {
			isa = PBXContainerItemProxy;
			containerPortal = D4F0B42719FA8758000000F0 /* Project object */;
			proxyType = 1;
			remoteGlobalIDString = D4F0B42E19FA8759000000F0;
			remoteInfo = Block2Block;
		};
		D4F0B44519FA8759000000F0 /* PBXContainerItemProxy */ = {
			isa = PBXContainerItemProxy;
			containerPortal = D4F0B42719FA8758000000F0 /* Project object */;
			proxyType = 1;
			remoteGlobalIDString = D4F0B42E19FA8759000000F0;
			remoteInfo = game1010free;
		};
/* End PBXContainerItemProxy section */

/* Begin PBXFileReference section */
		D400CA2119FFDC2400044BDC /* iAd.framework */ = {isa = PBXFileReference; lastKnownFileType = wrapper.framework; name = iAd.framework; path = System/Library/Frameworks/iAd.framework; sourceTree = SDKROOT; };
		D400CA231A0288E200044BDC /* figures_for_test.swift */ = {isa = PBXFileReference; fileEncoding = 4; lastKnownFileType = sourcecode.swift; path = figures_for_test.swift; sourceTree = "<group>"; };
		D416BD341A12A00F00765DDF /* b2bimg29x2.png */ = {isa = PBXFileReference; lastKnownFileType = image.png; name = b2bimg29x2.png; path = ../../../b2bicons/b2bimg29x2.png; sourceTree = "<group>"; };
		D416BD351A12A00F00765DDF /* b2bimg29x3.png */ = {isa = PBXFileReference; lastKnownFileType = image.png; name = b2bimg29x3.png; path = ../../../b2bicons/b2bimg29x3.png; sourceTree = "<group>"; };
		D416BD361A12A00F00765DDF /* b2bimg40x2.png */ = {isa = PBXFileReference; lastKnownFileType = image.png; name = b2bimg40x2.png; path = ../../../b2bicons/b2bimg40x2.png; sourceTree = "<group>"; };
		D416BD371A12A00F00765DDF /* b2bimg40x3.png */ = {isa = PBXFileReference; lastKnownFileType = image.png; name = b2bimg40x3.png; path = ../../../b2bicons/b2bimg40x3.png; sourceTree = "<group>"; };
		D416BD381A12A00F00765DDF /* b2bimg60x2.png */ = {isa = PBXFileReference; lastKnownFileType = image.png; name = b2bimg60x2.png; path = ../../../b2bicons/b2bimg60x2.png; sourceTree = "<group>"; };
		D416BD391A12A00F00765DDF /* b2bimg60x3.png */ = {isa = PBXFileReference; lastKnownFileType = image.png; name = b2bimg60x3.png; path = ../../../b2bicons/b2bimg60x3.png; sourceTree = "<group>"; };
		D4276B551A03A22000E62857 /* RectangleClass.swift */ = {isa = PBXFileReference; fileEncoding = 4; lastKnownFileType = sourcecode.swift; path = RectangleClass.swift; sourceTree = "<group>"; };
		D4276B571A03A26700E62857 /* FigureClass.swift */ = {isa = PBXFileReference; fileEncoding = 4; lastKnownFileType = sourcecode.swift; path = FigureClass.swift; sourceTree = "<group>"; };
		D43251E21A0D12970056EF03 /* Ranks.swift */ = {isa = PBXFileReference; fileEncoding = 4; lastKnownFileType = sourcecode.swift; path = Ranks.swift; sourceTree = "<group>"; };
		D43251E61A0D311E0056EF03 /* ranks.png */ = {isa = PBXFileReference; lastKnownFileType = image.png; name = ranks.png; path = ../../../ranks.png; sourceTree = "<group>"; };
		D43251E81A101E180056EF03 /* Menu.swift */ = {isa = PBXFileReference; fileEncoding = 4; lastKnownFileType = sourcecode.swift; path = Menu.swift; sourceTree = "<group>"; };
		D45247C51A10B7A400E009A1 /* StartScreen.swift */ = {isa = PBXFileReference; fileEncoding = 4; lastKnownFileType = sourcecode.swift; path = StartScreen.swift; sourceTree = "<group>"; };
		D45247C71A10BAAB00E009A1 /* block2blocklogoblack.png */ = {isa = PBXFileReference; lastKnownFileType = image.png; name = block2blocklogoblack.png; path = ../../../block2blocklogoblack.png; sourceTree = "<group>"; };
		D45247C91A10D43000E009A1 /* block2blocklogoimage.png */ = {isa = PBXFileReference; lastKnownFileType = image.png; name = block2blocklogoimage.png; path = ../../../block2blocklogoimage.png; sourceTree = "<group>"; };
		D4F0B42F19FA8759000000F0 /* Block2Block.app */ = {isa = PBXFileReference; explicitFileType = wrapper.application; includeInIndex = 0; path = Block2Block.app; sourceTree = BUILT_PRODUCTS_DIR; };
		D4F0B43319FA8759000000F0 /* Info.plist */ = {isa = PBXFileReference; lastKnownFileType = text.plist.xml; path = Info.plist; sourceTree = "<group>"; };
		D4F0B43419FA8759000000F0 /* AppDelegate.swift */ = {isa = PBXFileReference; lastKnownFileType = sourcecode.swift; path = AppDelegate.swift; sourceTree = "<group>"; };
		D4F0B43619FA8759000000F0 /* ViewController.swift */ = {isa = PBXFileReference; lastKnownFileType = sourcecode.swift; path = ViewController.swift; sourceTree = "<group>"; };
		D4F0B43919FA8759000000F0 /* Base */ = {isa = PBXFileReference; lastKnownFileType = file.storyboard; name = Base; path = Base.lproj/Main.storyboard; sourceTree = "<group>"; };
		D4F0B43B19FA8759000000F0 /* Images.xcassets */ = {isa = PBXFileReference; lastKnownFileType = folder.assetcatalog; path = Images.xcassets; sourceTree = "<group>"; };
		D4F0B43E19FA8759000000F0 /* Base */ = {isa = PBXFileReference; lastKnownFileType = file.xib; name = Base; path = Base.lproj/LaunchScreen.xib; sourceTree = "<group>"; };
		D4F0B44419FA8759000000F0 /* Block2BlockTests.xctest */ = {isa = PBXFileReference; explicitFileType = wrapper.cfbundle; includeInIndex = 0; path = Block2BlockTests.xctest; sourceTree = BUILT_PRODUCTS_DIR; };
		D4F0B44919FA8759000000F0 /* Info.plist */ = {isa = PBXFileReference; lastKnownFileType = text.plist.xml; path = Info.plist; sourceTree = "<group>"; };
		D4F0B44A19FA8759000000F0 /* Block2BlockTests.swift */ = {isa = PBXFileReference; lastKnownFileType = sourcecode.swift; path = Block2BlockTests.swift; sourceTree = "<group>"; };
		D4F0B45419FB0BA0000000F0 /* figures.swift */ = {isa = PBXFileReference; fileEncoding = 4; lastKnownFileType = sourcecode.swift; path = figures.swift; sourceTree = "<group>"; };
/* End PBXFileReference section */

/* Begin PBXFrameworksBuildPhase section */
		D4F0B42C19FA8759000000F0 /* Frameworks */ = {
			isa = PBXFrameworksBuildPhase;
			buildActionMask = 2147483647;
			files = (
				D45247D81A111AD400E009A1 /* iAd.framework in Frameworks */,
			);
			runOnlyForDeploymentPostprocessing = 0;
		};
		D4F0B44119FA8759000000F0 /* Frameworks */ = {
			isa = PBXFrameworksBuildPhase;
			buildActionMask = 2147483647;
			files = (
			);
			runOnlyForDeploymentPostprocessing = 0;
		};
/* End PBXFrameworksBuildPhase section */

/* Begin PBXGroup section */
		D4F0B42619FA8758000000F0 = {
			isa = PBXGroup;
			children = (
				D400CA2119FFDC2400044BDC /* iAd.framework */,
				D4F0B43119FA8759000000F0 /* Block2Block */,
				D4F0B44719FA8759000000F0 /* Block2BlockTests */,
				D4F0B43019FA8759000000F0 /* Products */,
			);
			sourceTree = "<group>";
		};
		D4F0B43019FA8759000000F0 /* Products */ = {
			isa = PBXGroup;
			children = (
				D4F0B42F19FA8759000000F0 /* Block2Block.app */,
				D4F0B44419FA8759000000F0 /* Block2BlockTests.xctest */,
			);
			name = Products;
			sourceTree = "<group>";
		};
		D4F0B43119FA8759000000F0 /* Block2Block */ = {
			isa = PBXGroup;
			children = (
				D4F0B43419FA8759000000F0 /* AppDelegate.swift */,
				D4F0B43619FA8759000000F0 /* ViewController.swift */,
				D4F0B45419FB0BA0000000F0 /* figures.swift */,
				D4276B551A03A22000E62857 /* RectangleClass.swift */,
				D43251E21A0D12970056EF03 /* Ranks.swift */,
				D4276B571A03A26700E62857 /* FigureClass.swift */,
				D400CA231A0288E200044BDC /* figures_for_test.swift */,
				D43251E81A101E180056EF03 /* Menu.swift */,
				D45247C51A10B7A400E009A1 /* StartScreen.swift */,
				D4F0B43819FA8759000000F0 /* Main.storyboard */,
				D4F0B43B19FA8759000000F0 /* Images.xcassets */,
				D4F0B43D19FA8759000000F0 /* LaunchScreen.xib */,
				D4F0B43219FA8759000000F0 /* Supporting Files */,
			);
			name = Block2Block;
			path = game1010free;
			sourceTree = "<group>";
		};
		D4F0B43219FA8759000000F0 /* Supporting Files */ = {
			isa = PBXGroup;
			children = (
				D416BD341A12A00F00765DDF /* b2bimg29x2.png */,
				D416BD351A12A00F00765DDF /* b2bimg29x3.png */,
				D416BD361A12A00F00765DDF /* b2bimg40x2.png */,
				D416BD371A12A00F00765DDF /* b2bimg40x3.png */,
				D416BD381A12A00F00765DDF /* b2bimg60x2.png */,
				D416BD391A12A00F00765DDF /* b2bimg60x3.png */,
				D45247C91A10D43000E009A1 /* block2blocklogoimage.png */,
				D45247C71A10BAAB00E009A1 /* block2blocklogoblack.png */,
				D43251E61A0D311E0056EF03 /* ranks.png */,
				D4F0B43319FA8759000000F0 /* Info.plist */,
			);
			name = "Supporting Files";
			sourceTree = "<group>";
		};
		D4F0B44719FA8759000000F0 /* Block2BlockTests */ = {
			isa = PBXGroup;
			children = (
				D4F0B44A19FA8759000000F0 /* Block2BlockTests.swift */,
				D4F0B44819FA8759000000F0 /* Supporting Files */,
			);
			name = Block2BlockTests;
			path = game1010freeTests;
			sourceTree = "<group>";
		};
		D4F0B44819FA8759000000F0 /* Supporting Files */ = {
			isa = PBXGroup;
			children = (
				D4F0B44919FA8759000000F0 /* Info.plist */,
			);
			name = "Supporting Files";
			sourceTree = "<group>";
		};
/* End PBXGroup section */

/* Begin PBXNativeTarget section */
		D4F0B42E19FA8759000000F0 /* Block2Block */ = {
			isa = PBXNativeTarget;
			buildConfigurationList = D4F0B44E19FA8759000000F0 /* Build configuration list for PBXNativeTarget "Block2Block" */;
			buildPhases = (
				D4F0B42B19FA8759000000F0 /* Sources */,
				D4F0B42C19FA8759000000F0 /* Frameworks */,
				D4F0B42D19FA8759000000F0 /* Resources */,
			);
			buildRules = (
			);
			dependencies = (
			);
			name = Block2Block;
			productName = game1010free;
			productReference = D4F0B42F19FA8759000000F0 /* Block2Block.app */;
			productType = "com.apple.product-type.application";
		};
		D4F0B44319FA8759000000F0 /* Block2BlockTests */ = {
			isa = PBXNativeTarget;
			buildConfigurationList = D4F0B45119FA8759000000F0 /* Build configuration list for PBXNativeTarget "Block2BlockTests" */;
			buildPhases = (
				D4F0B44019FA8759000000F0 /* Sources */,
				D4F0B44119FA8759000000F0 /* Frameworks */,
				D4F0B44219FA8759000000F0 /* Resources */,
			);
			buildRules = (
			);
			dependencies = (
				D4F0B44619FA8759000000F0 /* PBXTargetDependency */,
				D45247DF1A111B6B00E009A1 /* PBXTargetDependency */,
				D45247E11A111C3500E009A1 /* PBXTargetDependency */,
				D45247E31A11331500E009A1 /* PBXTargetDependency */,
			);
			name = Block2BlockTests;
			productName = game1010freeTests;
			productReference = D4F0B44419FA8759000000F0 /* Block2BlockTests.xctest */;
			productType = "com.apple.product-type.bundle.unit-test";
		};
/* End PBXNativeTarget section */

/* Begin PBXProject section */
		D4F0B42719FA8758000000F0 /* Project object */ = {
			isa = PBXProject;
			attributes = {
				LastUpgradeCheck = 0600;
				ORGANIZATIONNAME = "Philip Antonov";
				TargetAttributes = {
					D4F0B42E19FA8759000000F0 = {
						CreatedOnToolsVersion = 6.0.1;
						DevelopmentTeam = 69T6S8B6K4;
					};
					D4F0B44319FA8759000000F0 = {
						CreatedOnToolsVersion = 6.0.1;
						TestTargetID = D4F0B42E19FA8759000000F0;
					};
				};
			};
			buildConfigurationList = D4F0B42A19FA8758000000F0 /* Build configuration list for PBXProject "Block2Block" */;
			compatibilityVersion = "Xcode 3.2";
			developmentRegion = English;
			hasScannedForEncodings = 0;
			knownRegions = (
				en,
				Base,
			);
			mainGroup = D4F0B42619FA8758000000F0;
			productRefGroup = D4F0B43019FA8759000000F0 /* Products */;
			projectDirPath = "";
			projectRoot = "";
			targets = (
				D4F0B42E19FA8759000000F0 /* Block2Block */,
				D4F0B44319FA8759000000F0 /* Block2BlockTests */,
			);
		};
/* End PBXProject section */

/* Begin PBXResourcesBuildPhase section */
		D4F0B42D19FA8759000000F0 /* Resources */ = {
			isa = PBXResourcesBuildPhase;
			buildActionMask = 2147483647;
			files = (
				D416BD3C1A12A00F00765DDF /* b2bimg40x2.png in Resources */,
				D45247C81A10BAAB00E009A1 /* block2blocklogoblack.png in Resources */,
				D45247CA1A10D43000E009A1 /* block2blocklogoimage.png in Resources */,
				D416BD3F1A12A00F00765DDF /* b2bimg60x3.png in Resources */,
				D416BD3D1A12A00F00765DDF /* b2bimg40x3.png in Resources */,
				D4F0B43A19FA8759000000F0 /* Main.storyboard in Resources */,
				D4F0B43F19FA8759000000F0 /* LaunchScreen.xib in Resources */,
				D4F0B43C19FA8759000000F0 /* Images.xcassets in Resources */,
				D416BD3B1A12A00F00765DDF /* b2bimg29x3.png in Resources */,
				D416BD3E1A12A00F00765DDF /* b2bimg60x2.png in Resources */,
				D416BD3A1A12A00F00765DDF /* b2bimg29x2.png in Resources */,
				D43251E71A0D311E0056EF03 /* ranks.png in Resources */,
			);
			runOnlyForDeploymentPostprocessing = 0;
		};
		D4F0B44219FA8759000000F0 /* Resources */ = {
			isa = PBXResourcesBuildPhase;
			buildActionMask = 2147483647;
			files = (
			);
			runOnlyForDeploymentPostprocessing = 0;
		};
/* End PBXResourcesBuildPhase section */

/* Begin PBXSourcesBuildPhase section */
		D4F0B42B19FA8759000000F0 /* Sources */ = {
			isa = PBXSourcesBuildPhase;
			buildActionMask = 2147483647;
			files = (
				D4276B561A03A22000E62857 /* RectangleClass.swift in Sources */,
				D4F0B43719FA8759000000F0 /* ViewController.swift in Sources */,
				D43251E91A101E180056EF03 /* Menu.swift in Sources */,
				D43251E31A0D12970056EF03 /* Ranks.swift in Sources */,
				D4276B581A03A26700E62857 /* FigureClass.swift in Sources */,
				D45247C61A10B7A400E009A1 /* StartScreen.swift in Sources */,
				D4F0B45519FB0BA0000000F0 /* figures.swift in Sources */,
				D4F0B43519FA8759000000F0 /* AppDelegate.swift in Sources */,
				D400CA241A0288E200044BDC /* figures_for_test.swift in Sources */,
			);
			runOnlyForDeploymentPostprocessing = 0;
		};
		D4F0B44019FA8759000000F0 /* Sources */ = {
			isa = PBXSourcesBuildPhase;
			buildActionMask = 2147483647;
			files = (
				D4F0B44B19FA8759000000F0 /* Block2BlockTests.swift in Sources */,
			);
			runOnlyForDeploymentPostprocessing = 0;
		};
/* End PBXSourcesBuildPhase section */

/* Begin PBXTargetDependency section */
		D45247DF1A111B6B00E009A1 /* PBXTargetDependency */ = {
			isa = PBXTargetDependency;
			target = D4F0B42E19FA8759000000F0 /* Block2Block */;
			targetProxy = D45247DE1A111B6B00E009A1 /* PBXContainerItemProxy */;
		};
		D45247E11A111C3500E009A1 /* PBXTargetDependency */ = {
			isa = PBXTargetDependency;
			target = D4F0B42E19FA8759000000F0 /* Block2Block */;
			targetProxy = D45247E01A111C3500E009A1 /* PBXContainerItemProxy */;
		};
		D45247E31A11331500E009A1 /* PBXTargetDependency */ = {
			isa = PBXTargetDependency;
			target = D4F0B42E19FA8759000000F0 /* Block2Block */;
			targetProxy = D45247E21A11331500E009A1 /* PBXContainerItemProxy */;
		};
		D4F0B44619FA8759000000F0 /* PBXTargetDependency */ = {
			isa = PBXTargetDependency;
			target = D4F0B42E19FA8759000000F0 /* Block2Block */;
			targetProxy = D4F0B44519FA8759000000F0 /* PBXContainerItemProxy */;
		};
/* End PBXTargetDependency section */

/* Begin PBXVariantGroup section */
		D4F0B43819FA8759000000F0 /* Main.storyboard */ = {
			isa = PBXVariantGroup;
			children = (
				D4F0B43919FA8759000000F0 /* Base */,
			);
			name = Main.storyboard;
			sourceTree = "<group>";
		};
		D4F0B43D19FA8759000000F0 /* LaunchScreen.xib */ = {
			isa = PBXVariantGroup;
			children = (
				D4F0B43E19FA8759000000F0 /* Base */,
			);
			name = LaunchScreen.xib;
			sourceTree = "<group>";
		};
/* End PBXVariantGroup section */

/* Begin XCBuildConfiguration section */
		D4F0B44C19FA8759000000F0 /* Debug */ = {
			isa = XCBuildConfiguration;
			buildSettings = {
				ALWAYS_SEARCH_USER_PATHS = NO;
				CLANG_CXX_LANGUAGE_STANDARD = "gnu++0x";
				CLANG_CXX_LIBRARY = "libc++";
				CLANG_ENABLE_MODULES = YES;
				CLANG_ENABLE_OBJC_ARC = YES;
				CLANG_WARN_BOOL_CONVERSION = YES;
				CLANG_WARN_CONSTANT_CONVERSION = YES;
				CLANG_WARN_DIRECT_OBJC_ISA_USAGE = YES_ERROR;
				CLANG_WARN_EMPTY_BODY = YES;
				CLANG_WARN_ENUM_CONVERSION = YES;
				CLANG_WARN_INT_CONVERSION = YES;
				CLANG_WARN_OBJC_ROOT_CLASS = YES_ERROR;
				CLANG_WARN_UNREACHABLE_CODE = YES;
				CLANG_WARN__DUPLICATE_METHOD_MATCH = YES;
				"CODE_SIGN_IDENTITY[sdk=iphoneos*]" = "iPhone Developer";
				COPY_PHASE_STRIP = NO;
				ENABLE_STRICT_OBJC_MSGSEND = YES;
				GCC_C_LANGUAGE_STANDARD = gnu99;
				GCC_DYNAMIC_NO_PIC = NO;
				GCC_OPTIMIZATION_LEVEL = 0;
				GCC_PREPROCESSOR_DEFINITIONS = (
					"DEBUG=1",
					"$(inherited)",
				);
				GCC_SYMBOLS_PRIVATE_EXTERN = NO;
				GCC_WARN_64_TO_32_BIT_CONVERSION = YES;
				GCC_WARN_ABOUT_RETURN_TYPE = YES_ERROR;
				GCC_WARN_UNDECLARED_SELECTOR = YES;
				GCC_WARN_UNINITIALIZED_AUTOS = YES_AGGRESSIVE;
				GCC_WARN_UNUSED_FUNCTION = YES;
				GCC_WARN_UNUSED_VARIABLE = YES;
				IPHONEOS_DEPLOYMENT_TARGET = 8.0;
				MTL_ENABLE_DEBUG_INFO = YES;
				ONLY_ACTIVE_ARCH = YES;
				SDKROOT = iphoneos;
				SWIFT_OPTIMIZATION_LEVEL = "-Onone";
			};
			name = Debug;
		};
		D4F0B44D19FA8759000000F0 /* Release */ = {
			isa = XCBuildConfiguration;
			buildSettings = {
				ALWAYS_SEARCH_USER_PATHS = NO;
				CLANG_CXX_LANGUAGE_STANDARD = "gnu++0x";
				CLANG_CXX_LIBRARY = "libc++";
				CLANG_ENABLE_MODULES = YES;
				CLANG_ENABLE_OBJC_ARC = YES;
				CLANG_WARN_BOOL_CONVERSION = YES;
				CLANG_WARN_CONSTANT_CONVERSION = YES;
				CLANG_WARN_DIRECT_OBJC_ISA_USAGE = YES_ERROR;
				CLANG_WARN_EMPTY_BODY = YES;
				CLANG_WARN_ENUM_CONVERSION = YES;
				CLANG_WARN_INT_CONVERSION = YES;
				CLANG_WARN_OBJC_ROOT_CLASS = YES_ERROR;
				CLANG_WARN_UNREACHABLE_CODE = YES;
				CLANG_WARN__DUPLICATE_METHOD_MATCH = YES;
				"CODE_SIGN_IDENTITY[sdk=iphoneos*]" = "iPhone Developer";
				COPY_PHASE_STRIP = YES;
				ENABLE_NS_ASSERTIONS = NO;
				ENABLE_STRICT_OBJC_MSGSEND = YES;
				GCC_C_LANGUAGE_STANDARD = gnu99;
				GCC_WARN_64_TO_32_BIT_CONVERSION = YES;
				GCC_WARN_ABOUT_RETURN_TYPE = YES_ERROR;
				GCC_WARN_UNDECLARED_SELECTOR = YES;
				GCC_WARN_UNINITIALIZED_AUTOS = YES_AGGRESSIVE;
				GCC_WARN_UNUSED_FUNCTION = YES;
				GCC_WARN_UNUSED_VARIABLE = YES;
				IPHONEOS_DEPLOYMENT_TARGET = 8.0;
				MTL_ENABLE_DEBUG_INFO = NO;
				SDKROOT = iphoneos;
				VALIDATE_PRODUCT = YES;
			};
			name = Release;
		};
		D4F0B44F19FA8759000000F0 /* Debug */ = {
			isa = XCBuildConfiguration;
			buildSettings = {
				ASSETCATALOG_COMPILER_APPICON_NAME = AppIcon;
				CODE_SIGN_IDENTITY = "iPhone Developer";
				INFOPLIST_FILE = game1010free/Info.plist;
				LD_RUNPATH_SEARCH_PATHS = "$(inherited) @executable_path/Frameworks";
				PRODUCT_NAME = Block2Block;
			};
			name = Debug;
		};
		D4F0B45019FA8759000000F0 /* Release */ = {
			isa = XCBuildConfiguration;
			buildSettings = {
				ASSETCATALOG_COMPILER_APPICON_NAME = AppIcon;
				CODE_SIGN_IDENTITY = "iPhone Developer";
				INFOPLIST_FILE = game1010free/Info.plist;
				LD_RUNPATH_SEARCH_PATHS = "$(inherited) @executable_path/Frameworks";
				PRODUCT_NAME = Block2Block;
			};
			name = Release;
		};
		D4F0B45219FA8759000000F0 /* Debug */ = {
			isa = XCBuildConfiguration;
			buildSettings = {
				FRAMEWORK_SEARCH_PATHS = (
					"$(SDKROOT)/Developer/Library/Frameworks",
					"$(inherited)",
				);
				GCC_PREPROCESSOR_DEFINITIONS = (
					"DEBUG=1",
					"$(inherited)",
				);
				INFOPLIST_FILE = game1010freeTests/Info.plist;
				LD_RUNPATH_SEARCH_PATHS = "$(inherited) @executable_path/Frameworks @loader_path/Frameworks";
				PRODUCT_NAME = Block2BlockTests;
				TEST_HOST = "$(BUILT_PRODUCTS_DIR)/Block2Block.app/Block2Block";
			};
			name = Debug;
		};
		D4F0B45319FA8759000000F0 /* Release */ = {
			isa = XCBuildConfiguration;
			buildSettings = {
				FRAMEWORK_SEARCH_PATHS = (
					"$(SDKROOT)/Developer/Library/Frameworks",
					"$(inherited)",
				);
				INFOPLIST_FILE = game1010freeTests/Info.plist;
				LD_RUNPATH_SEARCH_PATHS = "$(inherited) @executable_path/Frameworks @loader_path/Frameworks";
				PRODUCT_NAME = Block2BlockTests;
				TEST_HOST = "$(BUILT_PRODUCTS_DIR)/Block2Block.app/Block2Block";
			};
			name = Release;
		};
/* End XCBuildConfiguration section */

/* Begin XCConfigurationList section */
		D4F0B42A19FA8758000000F0 /* Build configuration list for PBXProject "Block2Block" */ = {
			isa = XCConfigurationList;
			buildConfigurations = (
				D4F0B44C19FA8759000000F0 /* Debug */,
				D4F0B44D19FA8759000000F0 /* Release */,
			);
			defaultConfigurationIsVisible = 0;
			defaultConfigurationName = Release;
		};
		D4F0B44E19FA8759000000F0 /* Build configuration list for PBXNativeTarget "Block2Block" */ = {
			isa = XCConfigurationList;
			buildConfigurations = (
				D4F0B44F19FA8759000000F0 /* Debug */,
				D4F0B45019FA8759000000F0 /* Release */,
			);
			defaultConfigurationIsVisible = 0;
			defaultConfigurationName = Release;
		};
		D4F0B45119FA8759000000F0 /* Build configuration list for PBXNativeTarget "Block2BlockTests" */ = {
			isa = XCConfigurationList;
			buildConfigurations = (
				D4F0B45219FA8759000000F0 /* Debug */,
				D4F0B45319FA8759000000F0 /* Release */,
			);
			defaultConfigurationIsVisible = 0;
			defaultConfigurationName = Release;
		};
/* End XCConfigurationList section */
	};
	rootObject = D4F0B42719FA8758000000F0 /* Project object */;
}
